{
  "lockfile_version": "1",
  "packages": {
    "curl@latest": {
      "last_modified": "2025-12-05T15:03:55Z",
      "resolved": "github:NixOS/nixpkgs/a672be65651c80d3f592a89b3945466584a22069#curl",
      "source": "devbox-search",
      "version": "8.17.0",
      "systems": {
        "aarch64-darwin": {
          "outputs": [
            {
              "name": "bin",
              "path": "/nix/store/qfwqcndy8bji6xww0gizclf2nqi2qpph-curl-8.17.0-bin",
              "default": true
            },
            {
              "name": "man",
              "path": "/nix/store/rk815zvrhwzbi7c6d589v2mhxzyzb400-curl-8.17.0-man",
              "default": true
            },
            {
              "name": "dev",
              "path": "/nix/store/ydp55g2mbd6rk6lfw0krkk3jwgdiqj5d-curl-8.17.0-dev"
            },
            {
              "name": "devdoc",
              "path": "/nix/store/8s884m82fmrbiyz8malglqc4sd632dkc-curl-8.17.0-devdoc"
            },
            {
              "name": "out",
              "path": "/nix/store/yxv8fxaz0fyhc31dv3rz89kc50zw5hgj-curl-8.17.0"
            }
          ],
          "store_path": "/nix/store/qfwqcndy8bji6xww0gizclf2nqi2qpph-curl-8.17.0-bin"
        },
        "aarch64-linux": {
          "outputs": [
            {
              "name": "bin",
              "path": "/nix/store/4x19j6zihdl6pya63xs8g360f2r614sx-curl-8.17.0-bin",
              "default": true
            },
            {
              "name": "man",
              "path": "/nix/store/b29qbmbfvzkm34k0jnj8ykqg2gzj3rdy-curl-8.17.0-man",
              "default": true
            },
            {
              "name": "debug",
              "path": "/nix/store/5hmbdk99knmbg8b0fzh96bv6bkcf6v5i-curl-8.17.0-debug"
            },
            {
              "name": "dev",
              "path": "/nix/store/iqs9mjscns3h5npgkrhgr5xa7qzwd0si-curl-8.17.0-dev"
            },
            {
              "name": "devdoc",
              "path": "/nix/store/1fwncv08c8g78k3hj3cj375vx92ndrp8-curl-8.17.0-devdoc"
            },
            {
              "name": "out",
              "path": "/nix/store/b0a6qc92vybjiggh0kg387cg0zp3kl6j-curl-8.17.0"
            }
          ],
          "store_path": "/nix/store/4x19j6zihdl6pya63xs8g360f2r614sx-curl-8.17.0-bin"
        },
        "x86_64-darwin": {
          "outputs": [
            {
              "name": "bin",
              "path": "/nix/store/w2336wv560g1n58cwashmmczdn3bfkq1-curl-8.17.0-bin",
              "default": true
            },
            {
              "name": "man",
              "path": "/nix/store/i6xmhcan8g4abda7ivv20nvwxrsssjqj-curl-8.17.0-man",
              "default": true
            },
            {
              "name": "devdoc",
              "path": "/nix/store/ipa7v9z7pjcnnv0fmdya1fldcxv0a28z-curl-8.17.0-devdoc"
            },
            {
              "name": "out",
              "path": "/nix/store/x9gyg634fi8mgcyay9mqa1ral7xg72fm-curl-8.17.0"
            },
            {
              "name": "dev",
              "path": "/nix/store/39zfdgq9kg3mb4sycf8pj4pdssrzki6c-curl-8.17.0-dev"
            }
          ],
          "store_path": "/nix/store/w2336wv560g1n58cwashmmczdn3bfkq1-curl-8.17.0-bin"
        },
        "x86_64-linux": {
          "outputs": [
            {
              "name": "bin",
              "path": "/nix/store/0rfz69vp1nl0q2hxzig20hc60sk72z62-curl-8.17.0-bin",
              "default": true
            },
            {
              "name": "man",
              "path": "/nix/store/ijd0yybyzwm98d3q6x7a9cyixgxk0i5d-curl-8.17.0-man",
              "default": true
            },
            {
              "name": "debug",
              "path": "/nix/store/h1fxw0xrifxvbhcp7b8hxsgirxxxfzav-curl-8.17.0-debug"
            },
            {
              "name": "dev",
              "path": "/nix/store/ikmdk37frjdblkba3wl3xws2wwgln17x-curl-8.17.0-dev"
            },
            {
              "name": "devdoc",
              "path": "/nix/store/jm6irg81cc0hqg43l39lkxr6pb0w2xk5-curl-8.17.0-devdoc"
            },
            {
              "name": "out",
              "path": "/nix/store/8idis3j5l13c3x74jl8xly0k4qyk9mx6-curl-8.17.0"
            }
          ],
          "store_path": "/nix/store/0rfz69vp1nl0q2hxzig20hc60sk72z62-curl-8.17.0-bin"
        }
      }
    },
    "git@latest": {
      "last_modified": "2026-04-23T13:07:47Z",
      "resolved": "github:NixOS/nixpkgs/01fbdeef22b76df85ea168fbfe1bfd9e63681b30#git",
      "source": "devbox-search",
      "version": "2.53.0",
      "systems": {
        "aarch64-darwin": {
          "outputs": [
            {
              "name": "out",
              "path": "/nix/store/5y6cp247hspkqa7pp6cbc4540ygx0249-git-2.53.0",
              "default": true
            },
            {
              "name": "doc",
              "path": "/nix/store/0kjpgj1grgba239ykdnv1cjc61xqk3aa-git-2.53.0-doc"
            }
          ],
          "store_path": "/nix/store/5y6cp247hspkqa7pp6cbc4540ygx0249-git-2.53.0"
        },
        "aarch64-linux": {
          "outputs": [
            {
              "name": "out",
              "path": "/nix/store/gx9r7g2kyrjhh0zhgxz91f5nbczxh1ac-git-2.53.0",
              "default": true
            },
            {
              "name": "doc",
              "path": "/nix/store/q8j5mwix1g75xyq025d3hmringklm52z-git-2.53.0-doc"
            },
            {
              "name": "debug",
              "path": "/nix/store/rc56a3l2wby94gk9gvirpwi9hv9v15gi-git-2.53.0-debug"
            }
          ],
          "store_path": "/nix/store/gx9r7g2kyrjhh0zhgxz91f5nbczxh1ac-git-2.53.0"
        },
        "x86_64-darwin": {
          "outputs": [
            {
              "name": "out",
              "path": "/nix/store/zar16r8w28c6qjdh3xqnkjcmvjjqwi77-git-2.53.0",
              "default": true
            },
            {
              "name": "doc",
              "path": "/nix/store/9jcm7zadfi5wsic3kizs4x71a8dqlj83-git-2.53.0-doc"
            }
          ],
          "store_path": "/nix/store/zar16r8w28c6qjdh3xqnkjcmvjjqwi77-git-2.53.0"
        },
        "x86_64-linux": {
          "outputs": [
            {
              "name": "out",
              "path": "/nix/store/c0277k5giric1mn9dklllavbzvxl6hzb-git-2.53.0",
              "default": true
            },
            {
              "name": "debug",
              "path": "/nix/store/qyqya20z59d164d6692hlyb9pkq10ykk-git-2.53.0-debug"
            },
            {
              "name": "doc",
              "path": "/nix/store/vv1ap6qaxdzpa4jqg71myxh5wcvnlqv8-git-2.53.0-doc"
            }
          ],
          "store_path": "/nix/store/c0277k5giric1mn9dklllavbzvxl6hzb-git-2.53.0"
        }
      }
    },
    "github:NixOS/nixpkgs/nixpkgs-unstable": {
      "last_modified": "2026-05-14T21:33:07Z",
      "resolved": "github:NixOS/nixpkgs/8a1b0127302ea51e05bf4ea5a291743fac442406?lastModified=1778794387&narHash=sha256-BL04pOS9453Awkeb9f90XBJXBSkWxN%2BvB7HIgnL0iMM%3D"
    },
    "just@latest": {
      "last_modified": "2026-04-23T13:07:47Z",
      "resolved": "github:NixOS/nixpkgs/01fbdeef22b76df85ea168fbfe1bfd9e63681b30#just",
      "source": "devbox-search",
      "version": "1.50.0",
      "systems": {
        "aarch64-darwin": {
          "outputs": [
            {
              "name": "out",
              "path": "/nix/store/qxqsxk2614qpcb7l32svpjmmb1sm7ya1-just-1.50.0",
              "default": true
            },
            {
              "name": "man",
              "path": "/nix/store/daf30m3si50cl7xga42g0cqgdwaxj6ys-just-1.50.0-man",
              "default": true
            },
            {
              "name": "doc",
              "path": "/nix/store/9n71gassrpdy0nz4gfcrwvmkb4rwyd3g-just-1.50.0-doc"
            }
          ],
          "store_path": "/nix/store/qxqsxk2614qpcb7l32svpjmmb1sm7ya1-just-1.50.0"
        },
        "aarch64-linux": {
          "outputs": [
            {
              "name": "out",
              "path": "/nix/store/ayqw7hgkjs9b0f7v1qh96k316i9jpdw8-just-1.50.0",
              "default": true
            },
            {
              "name": "man",
              "path": "/nix/store/59z0bx178i7c3vwmhawgajgpfmv43h5c-just-1.50.0-man",
              "default": true
            },
            {
              "name": "doc",
              "path": "/nix/store/gg298zgvg5vmvzk0lmn9zq7j6kkab3qs-just-1.50.0-doc"
            }
          ],
          "store_path": "/nix/store/ayqw7hgkjs9b0f7v1qh96k316i9jpdw8-just-1.50.0"
        },
        "x86_64-darwin": {
          "outputs": [
            {
              "name": "out",
              "path": "/nix/store/bmsgb4l7ldxj2zggcalfidzhkrgp03xq-just-1.50.0",
              "default": true
            },
            {
              "name": "man",
              "path": "/nix/store/0pvkn1lzh85sav0cj3v36kpigxwypdhb-just-1.50.0-man",
              "default": true
            },
            {
              "name": "doc",
              "path": "/nix/store/9d2i12jkmsyqw7bkcw3a9d0xki313xrp-just-1.50.0-doc"
            }
          ],
          "store_path": "/nix/store/bmsgb4l7ldxj2zggcalfidzhkrgp03xq-just-1.50.0"
        },
        "x86_64-linux": {
          "outputs": [
            {
              "name": "out",
              "path": "/nix/store/vr4agmy8jw7f8kqynpizagdaqxy0ayw4-just-1.50.0",
              "default": true
            },
            {
              "name": "man",
              "path": "/nix/store/6mrjsdff8skgnnn0ngyim2i7wabk0c8x-just-1.50.0-man",
              "default": true
            },
            {
              "name": "doc",
              "path": "/nix/store/nk0p7b0n1fqg0sa2vasgavrhgi7xy9rz-just-1.50.0-doc"
            }
          ],
          "store_path": "/nix/store/vr4agmy8jw7f8kqynpizagdaqxy0ayw4-just-1.50.0"
        }
      }
    },
    "shellcheck@latest": {
      "last_modified": "2026-04-23T13:07:47Z",
      "resolved": "github:NixOS/nixpkgs/01fbdeef22b76df85ea168fbfe1bfd9e63681b30#shellcheck",
      "source": "devbox-search",
      "version": "0.11.0",
      "systems": {
        "aarch64-darwin": {
          "outputs": [
            {
              "name": "bin",
              "path": "/nix/store/dlbqbwjzrv193wnjg04cpr5giw8hn12l-shellcheck-0.11.0-bin",
              "default": true
            },
            {
              "name": "man",
              "path": "/nix/store/wp7s0lsrhwz0ix6lza75fch0cpl88py8-shellcheck-0.11.0-man",
              "default": true
            },
            {
              "name": "doc",
              "path": "/nix/store/y23x33gxn2dlxf0v3d03sk8hhwprqkwr-shellcheck-0.11.0-doc",
              "default": true
            },
            {
              "name": "out",
              "path": "/nix/store/1vr1pp6r6cszwcvbnx6jnm5m2acj6b72-shellcheck-0.11.0"
            }
          ],
          "store_path": "/nix/store/dlbqbwjzrv193wnjg04cpr5giw8hn12l-shellcheck-0.11.0-bin"
        },
        "aarch64-linux": {
          "outputs": [
            {
              "name": "bin",
              "path": "/nix/store/sw3f95zvc4kj318bkkvya0bha59c959r-shellcheck-0.11.0-bin",
              "default": true
            },
            {
              "name": "man",
              "path": "/nix/store/xsxan945pnxvw3zs8sgnyyshl2yc0f1m-shellcheck-0.11.0-man",
              "default": true
            },
            {
              "name": "doc",
              "path": "/nix/store/afnjnclxa4f20n4h5j655q6bkvqb5gfx-shellcheck-0.11.0-doc",
              "default": true
            },
            {
              "name": "out",
              "path": "/nix/store/s8j83wf8g18gs8liayqdxbw6byfxrmq3-shellcheck-0.11.0"
            }
          ],
          "store_path": "/nix/store/sw3f95zvc4kj318bkkvya0bha59c959r-shellcheck-0.11.0-bin"
        },
        "x86_64-darwin": {
          "outputs": [
            {
              "name": "bin",
              "path": "/nix/store/v9vqlrcqfv6cjr4s92d5rfdvll2na6a7-shellcheck-0.11.0-bin",
              "default": true
            },
            {
              "name": "man",
              "path": "/nix/store/32p1vmfw91d0sqsfnbxx52yf8r2brdq2-shellcheck-0.11.0-man",
              "default": true
            },
            {
              "name": "doc",
              "path": "/nix/store/s4vm25qahll7w881151z12vn81j4afg0-shellcheck-0.11.0-doc",
              "default": true
            },
            {
              "name": "out",
              "path": "/nix/store/hkbyrgg9yygb7m05r1vpx1b9cn6hh8rf-shellcheck-0.11.0"
            }
          ],
          "store_path": "/nix/store/v9vqlrcqfv6cjr4s92d5rfdvll2na6a7-shellcheck-0.11.0-bin"
        },
        "x86_64-linux": {
          "outputs": [
            {
              "name": "bin",
              "path": "/nix/store/7xiiq153kv13wcqb6j5zffz2g778nssv-shellcheck-0.11.0-bin",
              "default": true
            },
            {
              "name": "man",
              "path": "/nix/store/00zjsxq0s6j95n6004prcjxn4j5zgpb9-shellcheck-0.11.0-man",
              "default": true
            },
            {
              "name": "doc",
              "path": "/nix/store/x77g5cjb4mzab1vr48bv3vl67p7lcy2n-shellcheck-0.11.0-doc",
              "default": true
            },
            {
              "name": "out",
              "path": "/nix/store/09hk83dw55dpbw1f8km58pycmbfr186k-shellcheck-0.11.0"
            }
          ],
          "store_path": "/nix/store/7xiiq153kv13wcqb6j5zffz2g778nssv-shellcheck-0.11.0-bin"
        }
      }
    },
    "shfmt@latest": {
      "last_modified": "2026-04-23T13:07:47Z",
      "resolved": "github:NixOS/nixpkgs/01fbdeef22b76df85ea168fbfe1bfd9e63681b30#shfmt",
      "source": "devbox-search",
      "version": "3.13.1",
      "systems": {
        "aarch64-darwin": {
          "outputs": [
            {
              "name": "out",
              "path": "/nix/store/rdbbba4qzg6c3j90lw4cqdmqp8vl6581-shfmt-3.13.1",
              "default": true
            }
          ],
          "store_path": "/nix/store/rdbbba4qzg6c3j90lw4cqdmqp8vl6581-shfmt-3.13.1"
        },
        "aarch64-linux": {
          "outputs": [
            {
              "name": "out",
              "path": "/nix/store/2phx8z3b9hnnkwx3iddacrxckfy477fb-shfmt-3.13.1",
              "default": true
            }
          ],
          "store_path": "/nix/store/2phx8z3b9hnnkwx3iddacrxckfy477fb-shfmt-3.13.1"
        },
        "x86_64-darwin": {
          "outputs": [
            {
              "name": "out",
              "path": "/nix/store/dizj8zpfi6v3li5bbyb9cp16ysimyf4w-shfmt-3.13.1",
              "default": true
            }
          ],
          "store_path": "/nix/store/dizj8zpfi6v3li5bbyb9cp16ysimyf4w-shfmt-3.13.1"
        },
        "x86_64-linux": {
          "outputs": [
            {
              "name": "out",
              "path": "/nix/store/jnpmz5f3mljz8m10flmchw2l1syk9v93-shfmt-3.13.1",
              "default": true
            }
          ],
          "store_path": "/nix/store/jnpmz5f3mljz8m10flmchw2l1syk9v93-shfmt-3.13.1"
        }
      }
    },
    "sqlite@latest": {
      "last_modified": "2026-05-06T12:40:13Z",
      "resolved": "github:NixOS/nixpkgs/07800bee2b362f6c73fe17cb1593a260c5e183c6#sqlite",
      "source": "devbox-search",
      "version": "3.51.2",
      "systems": {
        "aarch64-darwin": {
          "outputs": [
            {
              "name": "bin",
              "path": "/nix/store/xxj9aq7qqd4qxckpffagr09w3q9vdg6b-sqlite-3.51.2-bin",
              "default": true
            },
            {
              "name": "man",
              "path": "/nix/store/pm87brg5l4wwsj3gqmpi2ws040d1lb8k-sqlite-3.51.2-man",
              "default": true
            },
            {
              "name": "dev",
              "path": "/nix/store/qq40rzigdlnxxznlhpwcjvsh94kaj88p-sqlite-3.51.2-dev"
            },
            {
              "name": "doc",
              "path": "/nix/store/m9xhada36bzf02g2scryq3k49jvjxiqy-sqlite-3.51.2-doc"
            },
            {
              "name": "out",
              "path": "/nix/store/pd3zpzir56yy600l1iy500y7lw03pcjw-sqlite-3.51.2"
            }
          ],
          "store_path": "/nix/store/xxj9aq7qqd4qxckpffagr09w3q9vdg6b-sqlite-3.51.2-bin"
        },
        "aarch64-linux": {
          "outputs": [
            {
              "name": "bin",
              "path": "/nix/store/pc4cvm2rs4hi9z9b54yr42s1y3s3p4g6-sqlite-3.51.2-bin",
              "default": true
            },
            {
              "name": "man",
              "path": "/nix/store/jfxdggcjc27a8svs8r32dd640nim3xam-sqlite-3.51.2-man",
              "default": true
            },
            {
              "name": "dev",
              "path": "/nix/store/p11xnz7gl45jbh7585iwfy7hjf557gwq-sqlite-3.51.2-dev"
            },
            {
              "name": "doc",
              "path": "/nix/store/zlprk5az3cpa19xsz14276zr5d9kbzrv-sqlite-3.51.2-doc"
            },
            {
              "name": "out",
              "path": "/nix/store/2s8x83pfbvx99ixy04l1r03kmxl0xr9q-sqlite-3.51.2"
            },
            {
              "name": "debug",
              "path": "/nix/store/k2bjnvm8n63yvfkzs5p9dxwn75nxjsqs-sqlite-3.51.2-debug"
            }
          ],
          "store_path": "/nix/store/pc4cvm2rs4hi9z9b54yr42s1y3s3p4g6-sqlite-3.51.2-bin"
        },
        "x86_64-darwin": {
          "outputs": [
            {
              "name": "bin",
              "path": "/nix/store/z8iygsvppragdps96yym4i983ajrj5sg-sqlite-3.51.2-bin",
              "default": true
            },
            {
              "name": "man",
              "path": "/nix/store/g4ly611rbkwjrbcmsvgr92fkjx8sczyd-sqlite-3.51.2-man",
              "default": true
            },
            {
              "name": "out",
              "path": "/nix/store/6clbzc6nfwfx71m9pfrmdr41y9lkjl18-sqlite-3.51.2"
            },
            {
              "name": "dev",
              "path": "/nix/store/gj7228m85b683mdqqf61msrm78cd84qr-sqlite-3.51.2-dev"
            },
            {
              "name": "doc",
              "path": "/nix/store/8fqyv7hmvj30klspxvh3d95y7z0walnw-sqlite-3.51.2-doc"
            }
          ],
          "store_path": "/nix/store/z8iygsvppragdps96yym4i983ajrj5sg-sqlite-3.51.2-bin"
        },
        "x86_64-linux": {
          "outputs": [
            {
              "name": "bin",
              "path": "/nix/store/67cm7qx8s210dwkq64vqbf3q9z62ddyg-sqlite-3.51.2-bin",
              "default": true
            },
            {
              "name": "man",
              "path": "/nix/store/4lz895iwfz5bvf4mygi7yld3i81fwrs6-sqlite-3.51.2-man",
              "default": true
            },
            {
              "name": "out",
              "path": "/nix/store/5087xk8l09k90gddzw8y9b4yypyn23a5-sqlite-3.51.2"
            },
            {
              "name": "debug",
              "path": "/nix/store/cg740m81awaxyvb82zrfkal06p46bqqr-sqlite-3.51.2-debug"
            },
            {
              "name": "dev",
              "path": "/nix/store/jphqqkgn7swnppi4dgwxavd3fac51bvx-sqlite-3.51.2-dev"
            },
            {
              "name": "doc",
              "path": "/nix/store/zsjj6np850na11j2s6vckg77qgrvmynq-sqlite-3.51.2-doc"
            }
          ],
          "store_path": "/nix/store/67cm7qx8s210dwkq64vqbf3q9z62ddyg-sqlite-3.51.2-bin"
        }
      }
    },
    "zig@0.16": {
      "last_modified": "2026-04-23T13:07:47Z",
      "resolved": "github:NixOS/nixpkgs/01fbdeef22b76df85ea168fbfe1bfd9e63681b30#zig",
      "source": "devbox-search",
      "version": "0.16.0",
      "systems": {
        "aarch64-darwin": {
          "outputs": [
            {
              "name": "out",
              "path": "/nix/store/8fbny795qwfafb1cbpjn88pgpf1c4hy0-zig-0.16.0",
              "default": true
            },
            {
              "name": "doc",
              "path": "/nix/store/hm5rq50jvjkzzam0nq6z9yz9841v8xjz-zig-0.16.0-doc"
            }
          ],
          "store_path": "/nix/store/8fbny795qwfafb1cbpjn88pgpf1c4hy0-zig-0.16.0"
        },
        "aarch64-linux": {
          "outputs": [
            {
              "name": "out",
              "path": "/nix/store/pn72xkyssl6ma3l9h62l7dzjn6s7mi76-zig-0.16.0",
              "default": true
            },
            {
              "name": "doc",
              "path": "/nix/store/34mx1fjd6flr9gx1xaqiy7mfygy5vb5q-zig-0.16.0-doc"
            }
          ],
          "store_path": "/nix/store/pn72xkyssl6ma3l9h62l7dzjn6s7mi76-zig-0.16.0"
        },
        "x86_64-darwin": {
          "outputs": [
            {
              "name": "out",
              "path": "/nix/store/14aww3mndfd8196lhbigdcl7lmng9v89-zig-0.16.0",
              "default": true
            },
            {
              "name": "doc",
              "path": "/nix/store/wg9178c9qz9arswpw7sp1p873mfw2xrq-zig-0.16.0-doc"
            }
          ],
          "store_path": "/nix/store/14aww3mndfd8196lhbigdcl7lmng9v89-zig-0.16.0"
        },
        "x86_64-linux": {
          "outputs": [
            {
              "name": "out",
              "path": "/nix/store/5x5y75rc3l43ic0lwal6wzk7wi1ga3m1-zig-0.16.0",
              "default": true
            },
            {
              "name": "doc",
              "path": "/nix/store/m905p00gd6v9lmvfy44sz1arjydasmjq-zig-0.16.0-doc"
            }
          ],
          "store_path": "/nix/store/5x5y75rc3l43ic0lwal6wzk7wi1ga3m1-zig-0.16.0"
        }
      }
    }
  }
}
