{
  "lockfile_version": "1",
  "packages": {
    "curl@latest": {
      "last_modified": "2025-12-05T15:03:55Z",
      "resolved": "github:NixOS/nixpkgs/a672be65651c80d3f592a89b3945466584a22069#curl",
      "source": "devbox-search",
      "version": "8.17.0",
      "systems": {
        "aarch64-darwin": {
          "outputs": [
            {
              "name": "bin",
              "path": "/nix/store/qfwqcndy8bji6xww0gizclf2nqi2qpph-curl-8.17.0-bin",
              "default": true
            },
            {
              "name": "man",
              "path": "/nix/store/rk815zvrhwzbi7c6d589v2mhxzyzb400-curl-8.17.0-man",
              "default": true
            },
            {
              "name": "dev",
              "path": "/nix/store/ydp55g2mbd6rk6lfw0krkk3jwgdiqj5d-curl-8.17.0-dev"
            },
            {
              "name": "devdoc",
              "path": "/nix/store/8s884m82fmrbiyz8malglqc4sd632dkc-curl-8.17.0-devdoc"
            },
            {
              "name": "out",
              "path": "/nix/store/yxv8fxaz0fyhc31dv3rz89kc50zw5hgj-curl-8.17.0"
            }
          ],
          "store_path": "/nix/store/qfwqcndy8bji6xww0gizclf2nqi2qpph-curl-8.17.0-bin"
        },
        "aarch64-linux": {
          "outputs": [
            {
              "name": "bin",
              "path": "/nix/store/4x19j6zihdl6pya63xs8g360f2r614sx-curl-8.17.0-bin",
              "default": true
            },
            {
              "name": "man",
              "path": "/nix/store/b29qbmbfvzkm34k0jnj8ykqg2gzj3rdy-curl-8.17.0-man",
              "default": true
            },
            {
              "name": "debug",
              "path": "/nix/store/5hmbdk99knmbg8b0fzh96bv6bkcf6v5i-curl-8.17.0-debug"
            },
            {
              "name": "dev",
              "path": "/nix/store/iqs9mjscns3h5npgkrhgr5xa7qzwd0si-curl-8.17.0-dev"
            },
            {
              "name": "devdoc",
              "path": "/nix/store/1fwncv08c8g78k3hj3cj375vx92ndrp8-curl-8.17.0-devdoc"
            },
            {
              "name": "out",
              "path": "/nix/store/b0a6qc92vybjiggh0kg387cg0zp3kl6j-curl-8.17.0"
            }
          ],
          "store_path": "/nix/store/4x19j6zihdl6pya63xs8g360f2r614sx-curl-8.17.0-bin"
        },
        "x86_64-darwin": {
          "outputs": [
            {
              "name": "bin",
              "path": "/nix/store/w2336wv560g1n58cwashmmczdn3bfkq1-curl-8.17.0-bin",
              "default": true
            },
            {
              "name": "man",
              "path": "/nix/store/i6xmhcan8g4abda7ivv20nvwxrsssjqj-curl-8.17.0-man",
              "default": true
            },
            {
              "name": "devdoc",
              "path": "/nix/store/ipa7v9z7pjcnnv0fmdya1fldcxv0a28z-curl-8.17.0-devdoc"
            },
            {
              "name": "out",
              "path": "/nix/store/x9gyg634fi8mgcyay9mqa1ral7xg72fm-curl-8.17.0"
            },
            {
              "name": "dev",
              "path": "/nix/store/39zfdgq9kg3mb4sycf8pj4pdssrzki6c-curl-8.17.0-dev"
            }
          ],
          "store_path": "/nix/store/w2336wv560g1n58cwashmmczdn3bfkq1-curl-8.17.0-bin"
        },
        "x86_64-linux": {
          "outputs": [
            {
              "name": "bin",
              "path": "/nix/store/0rfz69vp1nl0q2hxzig20hc60sk72z62-curl-8.17.0-bin",
              "default": true
            },
            {
              "name": "man",
              "path": "/nix/store/ijd0yybyzwm98d3q6x7a9cyixgxk0i5d-curl-8.17.0-man",
              "default": true
            },
            {
              "name": "debug",
              "path": "/nix/store/h1fxw0xrifxvbhcp7b8hxsgirxxxfzav-curl-8.17.0-debug"
            },
            {
              "name": "dev",
              "path": "/nix/store/ikmdk37frjdblkba3wl3xws2wwgln17x-curl-8.17.0-dev"
            },
            {
              "name": "devdoc",
              "path": "/nix/store/jm6irg81cc0hqg43l39lkxr6pb0w2xk5-curl-8.17.0-devdoc"
            },
            {
              "name": "out",
              "path": "/nix/store/8idis3j5l13c3x74jl8xly0k4qyk9mx6-curl-8.17.0"
            }
          ],
          "store_path": "/nix/store/0rfz69vp1nl0q2hxzig20hc60sk72z62-curl-8.17.0-bin"
        }
      }
    },
    "git@latest": {
      "last_modified": "2026-08-12T11:28:58Z",
      "resolved": "github:NixOS/nixpkgs/044bfe75bfe4c7bbe043dc17b5e42ea823b84a09#git",
      "source": "devbox-search",
      "version": "2.55.0",
      "systems": {
        "aarch64-darwin": {
          "outputs": [
            {
              "name": "out",
              "path": "/nix/store/hiw6ii978dc8s153v60fzy6myzqxymm7-git-2.55.0",
              "default": true
            },
            {
              "name": "doc",
              "path": "/nix/store/181ykp1mvmh07rq1sqfss8n7s1sc3mlm-git-2.55.0-doc"
            }
          ],
          "store_path": "/nix/store/hiw6ii978dc8s153v60fzy6myzqxymm7-git-2.55.0"
        },
        "aarch64-linux": {
          "outputs": [
            {
              "name": "out",
              "path": "/nix/store/q3pvpkn0qmin7x572p3z32hxz9yny73i-git-2.55.0",
              "default": true
            },
            {
              "name": "debug",
              "path": "/nix/store/5rjalzcb929d9qrxp8v6xxz99vfhmxhn-git-2.55.0-debug"
            },
            {
              "name": "doc",
              "path": "/nix/store/jbfpbknl5qh0cm5zg48gxgb6fzhwvq04-git-2.55.0-doc"
            }
          ],
          "store_path": "/nix/store/q3pvpkn0qmin7x572p3z32hxz9yny73i-git-2.55.0"
        },
        "x86_64-linux": {
          "outputs": [
            {
              "name": "out",
              "path": "/nix/store/8wxs6573l730vxkqd6wp58kvxa19csll-git-2.55.0",
              "default": true
            },
            {
              "name": "debug",
              "path": "/nix/store/3zxdc75ib758dwba0afaj63d33w6z42w-git-2.55.0-debug"
            },
            {
              "name": "doc",
              "path": "/nix/store/h1dp7wlh1saz2d77ajpdpbms1fn56ih8-git-2.55.0-doc"
            }
          ],
          "store_path": "/nix/store/8wxs6573l730vxkqd6wp58kvxa19csll-git-2.55.0"
        }
      }
    },
    "github:NixOS/nixpkgs/nixpkgs-unstable": {
      "last_modified": "2026-08-20T07:12:19Z",
      "resolved": "github:NixOS/nixpkgs/391b592eb44808b3bd0cb80bb71b63a5a118b8bb?lastModified=1787209939&narHash=sha256-WvvHR4kSQLAbtouMC%2FruZ5UpLwlUcY3K4FAllMN%2ByGk%3D"
    },
    "imagemagick@latest": {
      "last_modified": "2026-08-12T11:28:58Z",
      "resolved": "github:NixOS/nixpkgs/044bfe75bfe4c7bbe043dc17b5e42ea823b84a09#imagemagick",
      "source": "devbox-search",
      "version": "7.1.2-29",
      "systems": {
        "aarch64-darwin": {
          "outputs": [
            {
              "name": "out",
              "path": "/nix/store/sckd47r9d4dspcayzwlb6gvyhm99qk3i-imagemagick-7.1.2-29",
              "default": true
            },
            {
              "name": "dev",
              "path": "/nix/store/651q14jbp995n4djhn63xis8vkphgy3v-imagemagick-7.1.2-29-dev"
            },
            {
              "name": "doc",
              "path": "/nix/store/qp0h81glwyij80dgbnm8igs01w606c7b-imagemagick-7.1.2-29-doc"
            }
          ],
          "store_path": "/nix/store/sckd47r9d4dspcayzwlb6gvyhm99qk3i-imagemagick-7.1.2-29"
        },
        "aarch64-linux": {
          "outputs": [
            {
              "name": "out",
              "path": "/nix/store/x5aip7hjdc9gb7p7vivpyk23azh7bfsa-imagemagick-7.1.2-29",
              "default": true
            },
            {
              "name": "dev",
              "path": "/nix/store/pk3q004znm9c2yhw6pwcfyhz14hrql22-imagemagick-7.1.2-29-dev"
            },
            {
              "name": "doc",
              "path": "/nix/store/inijhwvnippjx6ca1yfsi5h268g15swp-imagemagick-7.1.2-29-doc"
            }
          ],
          "store_path": "/nix/store/x5aip7hjdc9gb7p7vivpyk23azh7bfsa-imagemagick-7.1.2-29"
        },
        "x86_64-linux": {
          "outputs": [
            {
              "name": "out",
              "path": "/nix/store/8vqxf9rr4ahfvm27h3a3nqvym06d8ky4-imagemagick-7.1.2-29",
              "default": true
            },
            {
              "name": "dev",
              "path": "/nix/store/2kab8r1mak2q3qxxqp7jnwb3401yc9q2-imagemagick-7.1.2-29-dev"
            },
            {
              "name": "doc",
              "path": "/nix/store/q26qdlbdv2v9kkkasvdn58j6nbsbxf72-imagemagick-7.1.2-29-doc"
            }
          ],
          "store_path": "/nix/store/8vqxf9rr4ahfvm27h3a3nqvym06d8ky4-imagemagick-7.1.2-29"
        }
      }
    },
    "just@latest": {
      "last_modified": "2026-08-12T11:28:58Z",
      "resolved": "github:NixOS/nixpkgs/044bfe75bfe4c7bbe043dc17b5e42ea823b84a09#just",
      "source": "devbox-search",
      "version": "1.58.0",
      "systems": {
        "aarch64-darwin": {
          "outputs": [
            {
              "name": "out",
              "path": "/nix/store/81jjd00c3favpnbqykknj8b38xv3xwag-just-1.58.0",
              "default": true
            },
            {
              "name": "man",
              "path": "/nix/store/prvq39qv9jhvxmc0x680llzi9yhdhxf2-just-1.58.0-man",
              "default": true
            },
            {
              "name": "doc",
              "path": "/nix/store/l0921qb0dmgqf7lv8wkrgnh9hwy45ilb-just-1.58.0-doc"
            }
          ],
          "store_path": "/nix/store/81jjd00c3favpnbqykknj8b38xv3xwag-just-1.58.0"
        },
        "aarch64-linux": {
          "outputs": [
            {
              "name": "out",
              "path": "/nix/store/25882ybvr2ynzgjmkzg65ajpk5pj0s9m-just-1.58.0",
              "default": true
            },
            {
              "name": "man",
              "path": "/nix/store/z6hgngkqhidw2rzmwssf5x4wa7043rpn-just-1.58.0-man",
              "default": true
            },
            {
              "name": "doc",
              "path": "/nix/store/qz7crf5iz73jmzs879hw4vnr62ilh4z1-just-1.58.0-doc"
            }
          ],
          "store_path": "/nix/store/25882ybvr2ynzgjmkzg65ajpk5pj0s9m-just-1.58.0"
        },
        "x86_64-linux": {
          "outputs": [
            {
              "name": "out",
              "path": "/nix/store/ni2dxycnhsp34y4qy6q44nw6pp6bj0l0-just-1.58.0",
              "default": true
            },
            {
              "name": "man",
              "path": "/nix/store/q3qkl9qssss7df0kj0p15an4rg95f5bs-just-1.58.0-man",
              "default": true
            },
            {
              "name": "doc",
              "path": "/nix/store/wwvfc48y4iiavjys7mf5ixnqh0gil0r8-just-1.58.0-doc"
            }
          ],
          "store_path": "/nix/store/ni2dxycnhsp34y4qy6q44nw6pp6bj0l0-just-1.58.0"
        }
      }
    },
    "shellcheck@latest": {
      "last_modified": "2026-08-12T11:28:58Z",
      "resolved": "github:NixOS/nixpkgs/044bfe75bfe4c7bbe043dc17b5e42ea823b84a09#shellcheck",
      "source": "devbox-search",
      "version": "0.11.0",
      "systems": {
        "aarch64-darwin": {
          "outputs": [
            {
              "name": "bin",
              "path": "/nix/store/gi827lccv5k11jinbnkcd02v5hbpsq7a-shellcheck-0.11.0-bin",
              "default": true
            },
            {
              "name": "man",
              "path": "/nix/store/gzgsa9pqgq0gj1sg80gx1yq22hy15lxg-shellcheck-0.11.0-man",
              "default": true
            },
            {
              "name": "doc",
              "path": "/nix/store/c8ssyf0il21j4lxf87084z29ak94xzj3-shellcheck-0.11.0-doc",
              "default": true
            },
            {
              "name": "out",
              "path": "/nix/store/37akanimvwnl1nf8jq5rxc2282zy20fy-shellcheck-0.11.0"
            }
          ],
          "store_path": "/nix/store/gi827lccv5k11jinbnkcd02v5hbpsq7a-shellcheck-0.11.0-bin"
        },
        "aarch64-linux": {
          "outputs": [
            {
              "name": "bin",
              "path": "/nix/store/ni99f5g4r74wx0ggjxfagkngk3yr88vm-shellcheck-0.11.0-bin",
              "default": true
            },
            {
              "name": "man",
              "path": "/nix/store/2gr73dqyg75n9l3d817647mxvzh26wb0-shellcheck-0.11.0-man",
              "default": true
            },
            {
              "name": "doc",
              "path": "/nix/store/g8hrxkkmxw516rb85ng17wkvm28p89pr-shellcheck-0.11.0-doc",
              "default": true
            },
            {
              "name": "out",
              "path": "/nix/store/x71fxri315zv93wrpnny81fxdqfrjngl-shellcheck-0.11.0"
            }
          ],
          "store_path": "/nix/store/ni99f5g4r74wx0ggjxfagkngk3yr88vm-shellcheck-0.11.0-bin"
        },
        "x86_64-darwin": {
          "outputs": [
            {
              "name": "bin",
              "path": "/nix/store/68yldspq5p1gxa79ghprb1njskk36ax2-shellcheck-0.11.0-bin",
              "default": true
            },
            {
              "name": "man",
              "path": "/nix/store/90d8x14kmdq8fa12d5azjwdnp4z55q8b-shellcheck-0.11.0-man",
              "default": true
            },
            {
              "name": "doc",
              "path": "/nix/store/4sk9v7wwdh2sia6wi3rknvvvm52wqg6r-shellcheck-0.11.0-doc",
              "default": true
            },
            {
              "name": "out",
              "path": "/nix/store/crl9a7fkfbpjbzgwj5nwpj57bmj7z940-shellcheck-0.11.0"
            }
          ],
          "store_path": "/nix/store/68yldspq5p1gxa79ghprb1njskk36ax2-shellcheck-0.11.0-bin"
        },
        "x86_64-linux": {
          "outputs": [
            {
              "name": "bin",
              "path": "/nix/store/arx11b315ynql817kgf0548307zm8w4r-shellcheck-0.11.0-bin",
              "default": true
            },
            {
              "name": "man",
              "path": "/nix/store/in81hnf2nqr1rjj30g4gs06qd6wj6kpc-shellcheck-0.11.0-man",
              "default": true
            },
            {
              "name": "doc",
              "path": "/nix/store/r0lr0clv3lbqbqy5pzh4ypr90jl87dll-shellcheck-0.11.0-doc",
              "default": true
            },
            {
              "name": "out",
              "path": "/nix/store/jfmvz8r53vma10savggy378w54fxr6n3-shellcheck-0.11.0"
            }
          ],
          "store_path": "/nix/store/arx11b315ynql817kgf0548307zm8w4r-shellcheck-0.11.0-bin"
        }
      }
    },
    "shfmt@latest": {
      "last_modified": "2026-08-12T11:28:58Z",
      "resolved": "github:NixOS/nixpkgs/044bfe75bfe4c7bbe043dc17b5e42ea823b84a09#shfmt",
      "source": "devbox-search",
      "version": "3.13.1",
      "systems": {
        "aarch64-darwin": {
          "outputs": [
            {
              "name": "out",
              "path": "/nix/store/dp2j20xgmak34lpyq6mckx92w4hq9bg6-shfmt-3.13.1",
              "default": true
            }
          ],
          "store_path": "/nix/store/dp2j20xgmak34lpyq6mckx92w4hq9bg6-shfmt-3.13.1"
        },
        "aarch64-linux": {
          "outputs": [
            {
              "name": "out",
              "path": "/nix/store/8hzki9sgxlz7m50yfaf1h78a5h0irnj6-shfmt-3.13.1",
              "default": true
            }
          ],
          "store_path": "/nix/store/8hzki9sgxlz7m50yfaf1h78a5h0irnj6-shfmt-3.13.1"
        },
        "x86_64-darwin": {
          "outputs": [
            {
              "name": "out",
              "path": "/nix/store/hqsdrlfqs8f1lg6m5c0av219sjpwfai9-shfmt-3.13.1",
              "default": true
            }
          ],
          "store_path": "/nix/store/hqsdrlfqs8f1lg6m5c0av219sjpwfai9-shfmt-3.13.1"
        },
        "x86_64-linux": {
          "outputs": [
            {
              "name": "out",
              "path": "/nix/store/83klmqyg64fr3zv5zbnzb0fc6kda29f2-shfmt-3.13.1",
              "default": true
            }
          ],
          "store_path": "/nix/store/83klmqyg64fr3zv5zbnzb0fc6kda29f2-shfmt-3.13.1"
        }
      }
    },
    "sqlite@latest": {
      "last_modified": "2026-08-17T10:51:46Z",
      "resolved": "github:NixOS/nixpkgs/f4b6996c4e8b9ee06ce147ec344c885f51071b14#sqlite",
      "source": "devbox-search",
      "version": "3.53.3",
      "systems": {
        "aarch64-darwin": {
          "outputs": [
            {
              "name": "bin",
              "path": "/nix/store/bmcn99v7cc9adw8k80smmsjwq9r3jl82-sqlite-3.53.3-bin",
              "default": true
            },
            {
              "name": "man",
              "path": "/nix/store/hw08sj1vynnqgawdj5m9irlj2v99s9j1-sqlite-3.53.3-man",
              "default": true
            },
            {
              "name": "dev",
              "path": "/nix/store/043n6k85rwc46093m2pclpz8wjk3rk8v-sqlite-3.53.3-dev"
            },
            {
              "name": "doc",
              "path": "/nix/store/gkh3pzzy7dv8xbjfwzifbvsg88q09a58-sqlite-3.53.3-doc"
            },
            {
              "name": "out",
              "path": "/nix/store/lf2jf0ybr329dw3sfi15hd1brm1k0d2v-sqlite-3.53.3"
            }
          ],
          "store_path": "/nix/store/bmcn99v7cc9adw8k80smmsjwq9r3jl82-sqlite-3.53.3-bin"
        },
        "aarch64-linux": {
          "outputs": [
            {
              "name": "bin",
              "path": "/nix/store/947psdd7hsirjhg4vzjsakqck6dfy7z0-sqlite-3.53.3-bin",
              "default": true
            },
            {
              "name": "man",
              "path": "/nix/store/gv4ypci70z7vixwydd2fbpwv245pyid8-sqlite-3.53.3-man",
              "default": true
            },
            {
              "name": "out",
              "path": "/nix/store/p1zamvivw0l5zf4crr82v6f6rpg014fm-sqlite-3.53.3"
            },
            {
              "name": "debug",
              "path": "/nix/store/nm7njbwsblsxkviki08pn5i9aq6b2gra-sqlite-3.53.3-debug"
            },
            {
              "name": "dev",
              "path": "/nix/store/16rny3zmsdad30dyivimcifkdvpqqwyh-sqlite-3.53.3-dev"
            },
            {
              "name": "doc",
              "path": "/nix/store/adb0y3rknmpk484zpxy4jrfp7mcqs5w3-sqlite-3.53.3-doc"
            }
          ],
          "store_path": "/nix/store/947psdd7hsirjhg4vzjsakqck6dfy7z0-sqlite-3.53.3-bin"
        },
        "x86_64-linux": {
          "outputs": [
            {
              "name": "bin",
              "path": "/nix/store/mn1yslb8qw6nj6mm3vr7ji7pqfyjfmv2-sqlite-3.53.3-bin",
              "default": true
            },
            {
              "name": "man",
              "path": "/nix/store/lkp7zqy12360lrak3qvs4l8hxyb3yg0z-sqlite-3.53.3-man",
              "default": true
            },
            {
              "name": "doc",
              "path": "/nix/store/p4pyxx3b5870qgscsxnjfvkipr2csph4-sqlite-3.53.3-doc"
            },
            {
              "name": "out",
              "path": "/nix/store/fqkp26idpnpqk5l2cjfb51jdn6nj5bam-sqlite-3.53.3"
            },
            {
              "name": "debug",
              "path": "/nix/store/36ssswfdzx827rp8pfdg3qgvy698d4fx-sqlite-3.53.3-debug"
            },
            {
              "name": "dev",
              "path": "/nix/store/3jcwbrr7fg5jmyiw8xw02i3lw978mgq1-sqlite-3.53.3-dev"
            }
          ],
          "store_path": "/nix/store/mn1yslb8qw6nj6mm3vr7ji7pqfyjfmv2-sqlite-3.53.3-bin"
        }
      }
    },
    "vhs@latest": {
      "last_modified": "2026-08-12T11:28:58Z",
      "resolved": "github:NixOS/nixpkgs/044bfe75bfe4c7bbe043dc17b5e42ea823b84a09#vhs",
      "source": "devbox-search",
      "version": "0.11.0",
      "systems": {
        "aarch64-darwin": {
          "outputs": [
            {
              "name": "out",
              "path": "/nix/store/mz6pgx1x9szvr4l5i8n98b7a5yq1njjc-vhs-0.11.0",
              "default": true
            }
          ],
          "store_path": "/nix/store/mz6pgx1x9szvr4l5i8n98b7a5yq1njjc-vhs-0.11.0"
        },
        "aarch64-linux": {
          "outputs": [
            {
              "name": "out",
              "path": "/nix/store/cm3z8i6v3w1xnzgpfhs6ygqmwm2i3mfl-vhs-0.11.0",
              "default": true
            }
          ],
          "store_path": "/nix/store/cm3z8i6v3w1xnzgpfhs6ygqmwm2i3mfl-vhs-0.11.0"
        },
        "x86_64-darwin": {
          "outputs": [
            {
              "name": "out",
              "path": "/nix/store/dpbwcyq99l3lm4p17imyc4vw0r3rrkd6-vhs-0.11.0",
              "default": true
            }
          ],
          "store_path": "/nix/store/dpbwcyq99l3lm4p17imyc4vw0r3rrkd6-vhs-0.11.0"
        },
        "x86_64-linux": {
          "outputs": [
            {
              "name": "out",
              "path": "/nix/store/9lq5g9n5arc2w6yn6r9dm8x06dw9grgy-vhs-0.11.0",
              "default": true
            }
          ],
          "store_path": "/nix/store/9lq5g9n5arc2w6yn6r9dm8x06dw9grgy-vhs-0.11.0"
        }
      }
    },
    "zig@0.16": {
      "last_modified": "2026-08-12T11:28:58Z",
      "resolved": "github:NixOS/nixpkgs/044bfe75bfe4c7bbe043dc17b5e42ea823b84a09#zig",
      "source": "devbox-search",
      "version": "0.16.0",
      "systems": {
        "aarch64-darwin": {
          "outputs": [
            {
              "name": "out",
              "path": "/nix/store/028ijby1w76fyi94xwanqp74czbw7iw3-zig-0.16.0",
              "default": true
            },
            {
              "name": "doc",
              "path": "/nix/store/p3q9b5lpy4l83xmrmcj2yqsqcbmq20wl-zig-0.16.0-doc"
            }
          ],
          "store_path": "/nix/store/028ijby1w76fyi94xwanqp74czbw7iw3-zig-0.16.0"
        },
        "aarch64-linux": {
          "outputs": [
            {
              "name": "out",
              "path": "/nix/store/91iv42f62ba2k52ry9pr25ygyf2h44b3-zig-0.16.0",
              "default": true
            },
            {
              "name": "doc",
              "path": "/nix/store/7dh777vm2f98yf6gvbw83ad591b81c16-zig-0.16.0-doc"
            }
          ],
          "store_path": "/nix/store/91iv42f62ba2k52ry9pr25ygyf2h44b3-zig-0.16.0"
        },
        "x86_64-darwin": {
          "outputs": [
            {
              "name": "out",
              "path": "/nix/store/7wsm80i713618s84j1hw2nk2v58zf081-zig-0.16.0",
              "default": true
            },
            {
              "name": "doc",
              "path": "/nix/store/6h4nc1xc8kr3wfn7f4f6ma4my48mn9qk-zig-0.16.0-doc"
            }
          ],
          "store_path": "/nix/store/7wsm80i713618s84j1hw2nk2v58zf081-zig-0.16.0"
        },
        "x86_64-linux": {
          "outputs": [
            {
              "name": "out",
              "path": "/nix/store/fvlqxywq2p7h2147m0wdp8g0m38zdprp-zig-0.16.0",
              "default": true
            },
            {
              "name": "doc",
              "path": "/nix/store/i8sqazalp18icql2lw1l5y3glq8a1si3-zig-0.16.0-doc"
            }
          ],
          "store_path": "/nix/store/fvlqxywq2p7h2147m0wdp8g0m38zdprp-zig-0.16.0"
        }
      }
    }
  }
}
